
Microsoft Visual Studio Solution File, Format Version 12.00
# Visual Studio Version 17
VisualStudioVersion = 17.8.34408.163
MinimumVisualStudioVersion = 10.0.40219.1
Project("{FAE04EC0-301F-11D3-BF4B-00C04F79EFBC}") = "Connect4EllahPaul", "Connect4EllahPaul\Connect4EllahPaul.csproj", "{193D1BDF-CC6E-4B0A-89C2-05999A20C653}"
EndProject
Global
	GlobalSection(SolutionConfigurationPlatforms) = preSolution
		Debug|Any CPU = Debug|Any CPU
		Release|Any CPU = Release|Any CPU
	EndGlobalSection
	GlobalSection(ProjectConfigurationPlatforms) = postSolution
		{193D1BDF-CC6E-4B0A-89C2-05999A20C653}.Debug|Any CPU.ActiveCfg = Debug|Any CPU
		{193D1BDF-CC6E-4B0A-89C2-05999A20C653}.Debug|Any CPU.Build.0 = Debug|Any CPU
		{193D1BDF-CC6E-4B0A-89C2-05999A20C653}.Release|Any CPU.ActiveCfg = Release|Any CPU
		{193D1BDF-CC6E-4B0A-89C2-05999A20C653}.Release|Any CPU.Build.0 = Release|Any CPU
	EndGlobalSection
	GlobalSection(SolutionProperties) = preSolution
		HideSolutionNode = FALSE
	EndGlobalSection
	GlobalSection(ExtensibilityGlobals) = postSolution
		SolutionGuid = {F54EFD80-CCF0-4013-B51E-195DBDE03B89}
	EndGlobalSection
EndGlobal
